
Microsoft Visual Studio Solution File, Format Version 12.00
Project("{FAE04EC0-301F-11D3-BF4B-00C04F79EFBC}") = "MultiThreadDesignPatterns", "MultiThreadDesignPatterns\MultiThreadDesignPatterns.csproj", "{B2C979FF-5D44-438E-A93A-88D7A8037435}"
EndProject
Project("{FAE04EC0-301F-11D3-BF4B-00C04F79EFBC}") = "Introduction", "Introduction\Introduction.csproj", "{8664E667-A876-4AC1-93AC-C65F00B55CDB}"
EndProject
Global
	GlobalSection(SolutionConfigurationPlatforms) = preSolution
		Debug|Any CPU = Debug|Any CPU
		Release|Any CPU = Release|Any CPU
	EndGlobalSection
	GlobalSection(ProjectConfigurationPlatforms) = postSolution
		{B2C979FF-5D44-438E-A93A-88D7A8037435}.Debug|Any CPU.ActiveCfg = Debug|Any CPU
		{B2C979FF-5D44-438E-A93A-88D7A8037435}.Debug|Any CPU.Build.0 = Debug|Any CPU
		{B2C979FF-5D44-438E-A93A-88D7A8037435}.Release|Any CPU.ActiveCfg = Release|Any CPU
		{B2C979FF-5D44-438E-A93A-88D7A8037435}.Release|Any CPU.Build.0 = Release|Any CPU
		{8664E667-A876-4AC1-93AC-C65F00B55CDB}.Debug|Any CPU.ActiveCfg = Debug|Any CPU
		{8664E667-A876-4AC1-93AC-C65F00B55CDB}.Debug|Any CPU.Build.0 = Debug|Any CPU
		{8664E667-A876-4AC1-93AC-C65F00B55CDB}.Release|Any CPU.ActiveCfg = Release|Any CPU
		{8664E667-A876-4AC1-93AC-C65F00B55CDB}.Release|Any CPU.Build.0 = Release|Any CPU
	EndGlobalSection
EndGlobal
